
Microsoft Visual Studio Solution File, Format Version 12.00
# Visual Studio Version 16
VisualStudioVersion = 16.0.28803.352
MinimumVisualStudioVersion = 10.0.40219.1
Project("{FAE04EC0-301F-11D3-BF4B-00C04F79EFBC}") = "WebRegistroUsuario", "WebRegistroUsuario\WebRegistroUsuario.csproj", "{F68FE735-EE7C-428E-A476-F14EED589601}"
EndProject
Project("{FAE04EC0-301F-11D3-BF4B-00C04F79EFBC}") = "BLL", "..\RegistroUsuarioWeb\BLL\BLL.csproj", "{036A16AD-6657-4D57-9D5A-A04CBA28D0E4}"
EndProject
Project("{FAE04EC0-301F-11D3-BF4B-00C04F79EFBC}") = "DAL", "..\RegistroUsuarioWeb\DAL\DAL.csproj", "{664123DD-E812-4245-BD11-B3864665959D}"
EndProject
Project("{FAE04EC0-301F-11D3-BF4B-00C04F79EFBC}") = "Entidades", "..\RegistroUsuarioWeb\Entidades\Entidades.csproj", "{F3ADA891-AD4B-44AD-8B88-8E7D01E18EE4}"
EndProject
Project("{FAE04EC0-301F-11D3-BF4B-00C04F79EFBC}") = "EntidadesTests", "..\RegistroUsuarioWeb\EntidadesTests\EntidadesTests.csproj", "{14C59D1D-D1F6-4110-8D02-50ACCB03B89A}"
EndProject
Global
	GlobalSection(SolutionConfigurationPlatforms) = preSolution
		Debug|Any CPU = Debug|Any CPU
		Release|Any CPU = Release|Any CPU
	EndGlobalSection
	GlobalSection(ProjectConfigurationPlatforms) = postSolution
		{F68FE735-EE7C-428E-A476-F14EED589601}.Debug|Any CPU.ActiveCfg = Debug|Any CPU
		{F68FE735-EE7C-428E-A476-F14EED589601}.Debug|Any CPU.Build.0 = Debug|Any CPU
		{F68FE735-EE7C-428E-A476-F14EED589601}.Release|Any CPU.ActiveCfg = Release|Any CPU
		{F68FE735-EE7C-428E-A476-F14EED589601}.Release|Any CPU.Build.0 = Release|Any CPU
		{036A16AD-6657-4D57-9D5A-A04CBA28D0E4}.Debug|Any CPU.ActiveCfg = Debug|Any CPU
		{036A16AD-6657-4D57-9D5A-A04CBA28D0E4}.Debug|Any CPU.Build.0 = Debug|Any CPU
		{036A16AD-6657-4D57-9D5A-A04CBA28D0E4}.Release|Any CPU.ActiveCfg = Release|Any CPU
		{036A16AD-6657-4D57-9D5A-A04CBA28D0E4}.Release|Any CPU.Build.0 = Release|Any CPU
		{664123DD-E812-4245-BD11-B3864665959D}.Debug|Any CPU.ActiveCfg = Debug|Any CPU
		{664123DD-E812-4245-BD11-B3864665959D}.Debug|Any CPU.Build.0 = Debug|Any CPU
		{664123DD-E812-4245-BD11-B3864665959D}.Release|Any CPU.ActiveCfg = Release|Any CPU
		{664123DD-E812-4245-BD11-B3864665959D}.Release|Any CPU.Build.0 = Release|Any CPU
		{F3ADA891-AD4B-44AD-8B88-8E7D01E18EE4}.Debug|Any CPU.ActiveCfg = Debug|Any CPU
		{F3ADA891-AD4B-44AD-8B88-8E7D01E18EE4}.Debug|Any CPU.Build.0 = Debug|Any CPU
		{F3ADA891-AD4B-44AD-8B88-8E7D01E18EE4}.Release|Any CPU.ActiveCfg = Release|Any CPU
		{F3ADA891-AD4B-44AD-8B88-8E7D01E18EE4}.Release|Any CPU.Build.0 = Release|Any CPU
		{14C59D1D-D1F6-4110-8D02-50ACCB03B89A}.Debug|Any CPU.ActiveCfg = Debug|Any CPU
		{14C59D1D-D1F6-4110-8D02-50ACCB03B89A}.Debug|Any CPU.Build.0 = Debug|Any CPU
		{14C59D1D-D1F6-4110-8D02-50ACCB03B89A}.Release|Any CPU.ActiveCfg = Release|Any CPU
		{14C59D1D-D1F6-4110-8D02-50ACCB03B89A}.Release|Any CPU.Build.0 = Release|Any CPU
	EndGlobalSection
	GlobalSection(SolutionProperties) = preSolution
		HideSolutionNode = FALSE
	EndGlobalSection
	GlobalSection(ExtensibilityGlobals) = postSolution
		SolutionGuid = {32500E8D-4691-48CB-8507-B0F7D0C2ACC6}
	EndGlobalSection
EndGlobal
